{
  "nodes": {
    "flake-utils": {
      "locked": {
        "lastModified": 1644229661,
        "narHash": "sha256-1YdnJAsNy69bpcjuoKdOYQX0YxZBiCYZo4Twxerqv7k=",
        "owner": "numtide",
        "repo": "flake-utils",
        "rev": "3cecb5b042f7f209c56ffd8371b2711a290ec797",
        "type": "github"
      },
      "original": {
        "owner": "numtide",
        "repo": "flake-utils",
        "type": "github"
      }
    },
    "import-cargo": {
      "locked": {
        "lastModified": 1594305518,
        "narHash": "sha256-frtArgN42rSaEcEOYWg8sVPMUK+Zgch3c+wejcpX3DY=",
        "ref": "master",
        "rev": "25d40be4a73d40a2572e0cc233b83253554f06c5",
        "revCount": 9,
        "type": "git",
        "url": "https://github.com/edolstra/import-cargo"
      },
      "original": {
        "type": "git",
        "url": "https://github.com/edolstra/import-cargo"
      }
    },
    "nix-filter": {
      "locked": {
        "lastModified": 1642416301,
        "narHash": "sha256-oDAx4I236QoOkEjihZaAbap0Gp0ibuvEK3NJ/UhohvI=",
        "owner": "numtide",
        "repo": "nix-filter",
        "rev": "26dd9843a9dd5ae67b605bfef731e4ef9df10370",
        "type": "github"
      },
      "original": {
        "owner": "numtide",
        "repo": "nix-filter",
        "type": "github"
      }
    },
    "nixpkgs": {
      "locked": {
        "lastModified": 1645221041,
        "narHash": "sha256-PlbY9l7e2ccKPrnC75H8OkVc9FFBB3oWo2QuC5iJ1xA=",
        "owner": "mstone",
        "repo": "nixpkgs",
        "rev": "40cb02601f97cf527b4133cd9f337710b5493545",
        "type": "github"
      },
      "original": {
        "owner": "mstone",
        "repo": "nixpkgs",
        "type": "github"
      }
    },
    "root": {
      "inputs": {
        "flake-utils": "flake-utils",
        "import-cargo": "import-cargo",
        "nix-filter": "nix-filter",
        "nixpkgs": "nixpkgs",
        "rust-overlay": "rust-overlay"
      }
    },
    "rust-overlay": {
      "inputs": {
        "flake-utils": [
          "flake-utils"
        ],
        "nixpkgs": [
          "nixpkgs"
        ]
      },
      "locked": {
        "lastModified": 1645202330,
        "narHash": "sha256-3WtA6GiyRRuk6pCZwVqW27H1twmCDCbZN+ArSdGqgjY=",
        "owner": "oxalica",
        "repo": "rust-overlay",
        "rev": "cef8a48c4991f25186f5b12e3e68556ac4fa6712",
        "type": "github"
      },
      "original": {
        "owner": "oxalica",
        "repo": "rust-overlay",
        "type": "github"
      }
    }
  },
  "root": "root",
  "version": 7
}
