{
  "nodes": {
    "crane": {
      "inputs": {
        "flake-compat": "flake-compat",
        "nix-std": "nix-std",
        "nixpkgs": [
          "nixpkgs"
        ],
        "utils": "utils"
      },
      "locked": {
        "lastModified": 1646176024,
        "narHash": "sha256-tmLycxj6Acq91XFPJYzlTI3JK4HWX05K8SpMO7kwCdI=",
        "owner": "ipetkov",
        "repo": "crane",
        "rev": "39305b3828b976cac90bcb2cc5bdf5cfbcafce33",
        "type": "github"
      },
      "original": {
        "owner": "ipetkov",
        "repo": "crane",
        "type": "github"
      }
    },
    "flake-compat": {
      "flake": false,
      "locked": {
        "lastModified": 1641205782,
        "narHash": "sha256-4jY7RCWUoZ9cKD8co0/4tFARpWB+57+r1bLLvXNJliY=",
        "owner": "edolstra",
        "repo": "flake-compat",
        "rev": "b7547d3eed6f32d06102ead8991ec52ab0a4f1a7",
        "type": "github"
      },
      "original": {
        "owner": "edolstra",
        "repo": "flake-compat",
        "type": "github"
      }
    },
    "flake-utils": {
      "locked": {
        "lastModified": 1644229661,
        "narHash": "sha256-1YdnJAsNy69bpcjuoKdOYQX0YxZBiCYZo4Twxerqv7k=",
        "owner": "numtide",
        "repo": "flake-utils",
        "rev": "3cecb5b042f7f209c56ffd8371b2711a290ec797",
        "type": "github"
      },
      "original": {
        "owner": "numtide",
        "repo": "flake-utils",
        "type": "github"
      }
    },
    "minionSrc": {
      "flake": false,
      "locked": {
        "lastModified": 1619428864,
        "narHash": "sha256-4PfgX0EIw4bAJmMSmyEQ3Ai9jqmBE/S/QEDlpQi6dIQ=",
        "owner": "minion",
        "repo": "minion",
        "rev": "283b74de15320b18fa723ff23810ccafa7631fcd",
        "type": "github"
      },
      "original": {
        "owner": "minion",
        "repo": "minion",
        "type": "github"
      }
    },
    "nix-filter": {
      "locked": {
        "lastModified": 1642416301,
        "narHash": "sha256-oDAx4I236QoOkEjihZaAbap0Gp0ibuvEK3NJ/UhohvI=",
        "owner": "numtide",
        "repo": "nix-filter",
        "rev": "26dd9843a9dd5ae67b605bfef731e4ef9df10370",
        "type": "github"
      },
      "original": {
        "owner": "numtide",
        "repo": "nix-filter",
        "type": "github"
      }
    },
    "nix-std": {
      "locked": {
        "lastModified": 1624642189,
        "narHash": "sha256-tIt3p1k0PsYeIxK2xO9Z8k2Ggq2nH4auqj3RbVAiRrg=",
        "owner": "chessai",
        "repo": "nix-std",
        "rev": "9ef1cf73948bfad05d370165c7f3011b82c4d679",
        "type": "github"
      },
      "original": {
        "owner": "chessai",
        "repo": "nix-std",
        "type": "github"
      }
    },
    "nixpkgs": {
      "locked": {
        "lastModified": 1645221041,
        "narHash": "sha256-PlbY9l7e2ccKPrnC75H8OkVc9FFBB3oWo2QuC5iJ1xA=",
        "owner": "mstone",
        "repo": "nixpkgs",
        "rev": "40cb02601f97cf527b4133cd9f337710b5493545",
        "type": "github"
      },
      "original": {
        "owner": "mstone",
        "repo": "nixpkgs",
        "type": "github"
      }
    },
    "root": {
      "inputs": {
        "crane": "crane",
        "flake-utils": "flake-utils",
        "minionSrc": "minionSrc",
        "nix-filter": "nix-filter",
        "nixpkgs": "nixpkgs",
        "rust-overlay": "rust-overlay"
      }
    },
    "rust-overlay": {
      "inputs": {
        "flake-utils": [
          "flake-utils"
        ],
        "nixpkgs": [
          "nixpkgs"
        ]
      },
      "locked": {
        "lastModified": 1645202330,
        "narHash": "sha256-3WtA6GiyRRuk6pCZwVqW27H1twmCDCbZN+ArSdGqgjY=",
        "owner": "oxalica",
        "repo": "rust-overlay",
        "rev": "cef8a48c4991f25186f5b12e3e68556ac4fa6712",
        "type": "github"
      },
      "original": {
        "owner": "oxalica",
        "repo": "rust-overlay",
        "type": "github"
      }
    },
    "utils": {
      "locked": {
        "lastModified": 1644229661,
        "narHash": "sha256-1YdnJAsNy69bpcjuoKdOYQX0YxZBiCYZo4Twxerqv7k=",
        "owner": "numtide",
        "repo": "flake-utils",
        "rev": "3cecb5b042f7f209c56ffd8371b2711a290ec797",
        "type": "github"
      },
      "original": {
        "owner": "numtide",
        "repo": "flake-utils",
        "type": "github"
      }
    }
  },
  "root": "root",
  "version": 7
}
